
Microsoft Visual Studio Solution File, Format Version 12.00
# Visual Studio Version 17
VisualStudioVersion = 17.8.34408.163
MinimumVisualStudioVersion = 10.0.40219.1
Project("{9A19103F-16F7-4668-BE54-9A1E7A4F7556}") = "H5API", "H5API\H5API.csproj", "{C2A598DB-D3C2-4ABD-A24C-37C77A06F0FA}"
EndProject
Project("{FAE04EC0-301F-11D3-BF4B-00C04F79EFBC}") = "H5APITest", "H5APITest\H5APITest.csproj", "{2B27F39E-D6FF-48B8-8870-BCDF02443F90}"
EndProject
Global
	GlobalSection(SolutionConfigurationPlatforms) = preSolution
		Debug|Any CPU = Debug|Any CPU
		Release|Any CPU = Release|Any CPU
	EndGlobalSection
	GlobalSection(ProjectConfigurationPlatforms) = postSolution
		{C2A598DB-D3C2-4ABD-A24C-37C77A06F0FA}.Debug|Any CPU.ActiveCfg = Debug|Any CPU
		{C2A598DB-D3C2-4ABD-A24C-37C77A06F0FA}.Debug|Any CPU.Build.0 = Debug|Any CPU
		{C2A598DB-D3C2-4ABD-A24C-37C77A06F0FA}.Release|Any CPU.ActiveCfg = Release|Any CPU
		{C2A598DB-D3C2-4ABD-A24C-37C77A06F0FA}.Release|Any CPU.Build.0 = Release|Any CPU
		{2B27F39E-D6FF-48B8-8870-BCDF02443F90}.Debug|Any CPU.ActiveCfg = Debug|Any CPU
		{2B27F39E-D6FF-48B8-8870-BCDF02443F90}.Debug|Any CPU.Build.0 = Debug|Any CPU
		{2B27F39E-D6FF-48B8-8870-BCDF02443F90}.Release|Any CPU.ActiveCfg = Release|Any CPU
		{2B27F39E-D6FF-48B8-8870-BCDF02443F90}.Release|Any CPU.Build.0 = Release|Any CPU
	EndGlobalSection
	GlobalSection(SolutionProperties) = preSolution
		HideSolutionNode = FALSE
	EndGlobalSection
	GlobalSection(ExtensibilityGlobals) = postSolution
		SolutionGuid = {5EB742BC-BADE-45B0-993F-ED8AB92CE871}
	EndGlobalSection
EndGlobal
